
Microsoft Visual Studio Solution File, Format Version 12.00
# Visual Studio 2012
Project("{FAE04EC0-301F-11D3-BF4B-00C04F79EFBC}") = "DateGroup", "DateGroup\DateGroup.csproj", "{69B760AE-248F-41B4-96B4-37E918E434A2}"
EndProject
Project("{FAE04EC0-301F-11D3-BF4B-00C04F79EFBC}") = "DateGroupTests", "DateGroupTests\DateGroupTests.csproj", "{5D5AA712-D519-4609-8306-3357547B2ACF}"
EndProject
Global
	GlobalSection(SolutionConfigurationPlatforms) = preSolution
		Debug|Any CPU = Debug|Any CPU
		Release|Any CPU = Release|Any CPU
	EndGlobalSection
	GlobalSection(ProjectConfigurationPlatforms) = postSolution
		{69B760AE-248F-41B4-96B4-37E918E434A2}.Debug|Any CPU.ActiveCfg = Debug|Any CPU
		{69B760AE-248F-41B4-96B4-37E918E434A2}.Debug|Any CPU.Build.0 = Debug|Any CPU
		{69B760AE-248F-41B4-96B4-37E918E434A2}.Release|Any CPU.ActiveCfg = Release|Any CPU
		{69B760AE-248F-41B4-96B4-37E918E434A2}.Release|Any CPU.Build.0 = Release|Any CPU
		{5D5AA712-D519-4609-8306-3357547B2ACF}.Debug|Any CPU.ActiveCfg = Debug|Any CPU
		{5D5AA712-D519-4609-8306-3357547B2ACF}.Debug|Any CPU.Build.0 = Debug|Any CPU
		{5D5AA712-D519-4609-8306-3357547B2ACF}.Release|Any CPU.ActiveCfg = Release|Any CPU
		{5D5AA712-D519-4609-8306-3357547B2ACF}.Release|Any CPU.Build.0 = Release|Any CPU
	EndGlobalSection
	GlobalSection(SolutionProperties) = preSolution
		HideSolutionNode = FALSE
	EndGlobalSection
EndGlobal
